github.com/ebitengine/purego v0.5.2 h1:r2MQEtkGzZ4LRtFZVAg5bjYKnUbxxloaeuGxH0t7qfs=
github.com/ebitengine/purego v0.5.2/go.mod h1:ah1In8AOtksoNK6yk5z1HTJeUkC1Ez4Wk2idgGslMwQ=
github.com/hajimehoshi/bitmapfont/v3 v3.0.0 h1:r2+6gYK38nfztS/et50gHAswb9hXgxXECYgE8Nczmi4=
github.com/hajimehoshi/bitmapfont/v3 v3.0.0/go.mod h1:+CxxG+uMmgU4mI2poq944i3uZ6UYFfAkj9V6WqmuvZA=
github.com/hajimehoshi/ebiten/v2 v2.6.4 h1:G6tABZ4/njmi8Qn/l4Bqq49UrONrWW7TKcMMOSjPcpk=
github.com/hajimehoshi/ebiten/v2 v2.6.4/go.mod h1:TZtorL713an00UW4LyvMeKD8uXWnuIuCPtlH11b0pgI=
github.com/jezek/xgb v1.1.1 h1:bE/r8ZZtSv7l9gk6nU0mYx51aXrvnyb44892TwSaqS4=
github.com/jezek/xgb v1.1.1/go.mod h1:nrhwO0FX/enq75I7Y7G8iN1ubpSGZEiA3v9e9GyRFlk=
golang.org/x/exp/shiny v0.0.0-20240119083558-1b970713d09a h1:NZ9mAQhIcCceDZKqQX3JJVIz7nn3QLDuC+nXedsViBM=
golang.org/x/exp/shiny v0.0.0-20240119083558-1b970713d09a/go.mod h1:3F+MieQB7dRYLTmnncoFbb1crS5lfQoTfDgQy6K4N0o=
golang.org/x/image v0.15.0 h1:kOELfmgrmJlw4Cdb7g/QGuB3CvDrXbqEIww/pNtNBm8=
golang.org/x/image v0.15.0/go.mod h1:HUYqC05R2ZcZ3ejNQsIHQDQiwWM4JBqmm6MKANTp4LE=
golang.org/x/mobile v0.0.0-20240112133503-c713f31d574b h1:kfWLZgb8iUBHdE9WydD5V5dHIS/F6HjlBZNyJfn2bs4=
golang.org/x/mobile v0.0.0-20240112133503-c713f31d574b/go.mod h1:4efzQnuA1nICq6h4kmZRMGzbPiP06lZvgADUu1VpJCE=
golang.org/x/sync v0.6.0 h1:5BMeUDZ7vkXGfEr1x9B4bRcTH4lpkTkpdh0T/J+qjbQ=
golang.org/x/sync v0.6.0/go.mod h1:Czt+wKu1gCyEFDUtn0jG5QVvpJ6rzVqr5aXyt9drQfk=
golang.org/x/sys v0.16.0 h1:xWw16ngr6ZMtmxDyKyIgsE93KNKz5HKmMa3b8ALHidU=
golang.org/x/sys v0.16.0/go.mod h1:/VUhepiaJMQUp4+oa/7Zr1D23ma6VTLIYjOOTFZPUcA=
golang.org/x/text v0.14.0 h1:ScX5w1eTa3QqT8oi6+ziP7dTV1S2+ALU0bI+0zXKWiQ=
golang.org/x/text v0.14.0/go.mod h1:18ZOQIKpY8NJVqYksKHtTdi31H5itFRjB5/qKTNYzSU=
